
Microsoft Visual Studio Solution File, Format Version 12.00
# Visual Studio Version 17
VisualStudioVersion = 17.0.31903.59
MinimumVisualStudioVersion = 10.0.40219.1
Project("{FAE04EC0-301F-11D3-BF4B-00C04F79EFBC}") = "app", "app\app.csproj", "{754EC079-1F36-4B3A-B26A-1713A5804B0B}"
EndProject
Project("{FAE04EC0-301F-11D3-BF4B-00C04F79EFBC}") = "lib", "lib\lib.csproj", "{D8A3DF9E-A4F4-4540-B017-D096861C4E59}"
EndProject
Project("{FAE04EC0-301F-11D3-BF4B-00C04F79EFBC}") = "tests", "tests\tests.csproj", "{485820ED-AF78-42BD-AE24-D673A1098272}"
EndProject
Global
	GlobalSection(SolutionConfigurationPlatforms) = preSolution
		Debug|Any CPU = Debug|Any CPU
		Release|Any CPU = Release|Any CPU
	EndGlobalSection
	GlobalSection(SolutionProperties) = preSolution
		HideSolutionNode = FALSE
	EndGlobalSection
	GlobalSection(ProjectConfigurationPlatforms) = postSolution
		{754EC079-1F36-4B3A-B26A-1713A5804B0B}.Debug|Any CPU.ActiveCfg = Debug|Any CPU
		{754EC079-1F36-4B3A-B26A-1713A5804B0B}.Debug|Any CPU.Build.0 = Debug|Any CPU
		{754EC079-1F36-4B3A-B26A-1713A5804B0B}.Release|Any CPU.ActiveCfg = Release|Any CPU
		{754EC079-1F36-4B3A-B26A-1713A5804B0B}.Release|Any CPU.Build.0 = Release|Any CPU
		{D8A3DF9E-A4F4-4540-B017-D096861C4E59}.Debug|Any CPU.ActiveCfg = Debug|Any CPU
		{D8A3DF9E-A4F4-4540-B017-D096861C4E59}.Debug|Any CPU.Build.0 = Debug|Any CPU
		{D8A3DF9E-A4F4-4540-B017-D096861C4E59}.Release|Any CPU.ActiveCfg = Release|Any CPU
		{D8A3DF9E-A4F4-4540-B017-D096861C4E59}.Release|Any CPU.Build.0 = Release|Any CPU
		{485820ED-AF78-42BD-AE24-D673A1098272}.Debug|Any CPU.ActiveCfg = Debug|Any CPU
		{485820ED-AF78-42BD-AE24-D673A1098272}.Debug|Any CPU.Build.0 = Debug|Any CPU
		{485820ED-AF78-42BD-AE24-D673A1098272}.Release|Any CPU.ActiveCfg = Release|Any CPU
		{485820ED-AF78-42BD-AE24-D673A1098272}.Release|Any CPU.Build.0 = Release|Any CPU
	EndGlobalSection
EndGlobal
